
Microsoft Visual Studio Solution File, Format Version 12.00
# Visual Studio 15
VisualStudioVersion = 15.0.28307.271
MinimumVisualStudioVersion = 10.0.40219.1
Project("{FAE04EC0-301F-11D3-BF4B-00C04F79EFBC}") = "BE", "BE\BE.csproj", "{7B4057F2-C989-4E88-B4E4-F2725640BF0A}"
EndProject
Project("{FAE04EC0-301F-11D3-BF4B-00C04F79EFBC}") = "BL", "BL\BL.csproj", "{76797846-6269-41BD-B926-6B58B4E16432}"
EndProject
Project("{FAE04EC0-301F-11D3-BF4B-00C04F79EFBC}") = "DAL", "DAL\DAL.csproj", "{4E2451D4-3756-438D-9EBF-2D2E5FC5B824}"
EndProject
Project("{FAE04EC0-301F-11D3-BF4B-00C04F79EFBC}") = "DS", "DS\DS.csproj", "{39D1A30C-9758-48DF-922F-1EEBA09331FB}"
EndProject
Project("{FAE04EC0-301F-11D3-BF4B-00C04F79EFBC}") = "PL_Console", "PL_Console\PL_Console.csproj", "{AED22187-9C52-44B6-B9C0-940BF43AA713}"
EndProject
Project("{FAE04EC0-301F-11D3-BF4B-00C04F79EFBC}") = "PL_WPF", "PL_WPF\PL_WPF.csproj", "{8F30636C-47E3-423F-9C93-0A2A205E7C64}"
EndProject
Project("{2150E333-8FDC-42A3-9474-1A3956D46DE8}") = "Solution Items", "Solution Items", "{0BAA4C97-A3BC-428B-8379-6048EE1345CA}"
	ProjectSection(SolutionItems) = preProject
		..\..\..\OneDrive\שולחן העבודה\מיני פרויקט\notes.txt = ..\..\..\OneDrive\שולחן העבודה\מיני פרויקט\notes.txt
	EndProjectSection
EndProject
Global
	GlobalSection(SolutionConfigurationPlatforms) = preSolution
		Debug|Any CPU = Debug|Any CPU
		Release|Any CPU = Release|Any CPU
	EndGlobalSection
	GlobalSection(ProjectConfigurationPlatforms) = postSolution
		{7B4057F2-C989-4E88-B4E4-F2725640BF0A}.Debug|Any CPU.ActiveCfg = Debug|Any CPU
		{7B4057F2-C989-4E88-B4E4-F2725640BF0A}.Debug|Any CPU.Build.0 = Debug|Any CPU
		{7B4057F2-C989-4E88-B4E4-F2725640BF0A}.Release|Any CPU.ActiveCfg = Release|Any CPU
		{7B4057F2-C989-4E88-B4E4-F2725640BF0A}.Release|Any CPU.Build.0 = Release|Any CPU
		{76797846-6269-41BD-B926-6B58B4E16432}.Debug|Any CPU.ActiveCfg = Debug|Any CPU
		{76797846-6269-41BD-B926-6B58B4E16432}.Debug|Any CPU.Build.0 = Debug|Any CPU
		{76797846-6269-41BD-B926-6B58B4E16432}.Release|Any CPU.ActiveCfg = Release|Any CPU
		{76797846-6269-41BD-B926-6B58B4E16432}.Release|Any CPU.Build.0 = Release|Any CPU
		{4E2451D4-3756-438D-9EBF-2D2E5FC5B824}.Debug|Any CPU.ActiveCfg = Debug|Any CPU
		{4E2451D4-3756-438D-9EBF-2D2E5FC5B824}.Debug|Any CPU.Build.0 = Debug|Any CPU
		{4E2451D4-3756-438D-9EBF-2D2E5FC5B824}.Release|Any CPU.ActiveCfg = Release|Any CPU
		{4E2451D4-3756-438D-9EBF-2D2E5FC5B824}.Release|Any CPU.Build.0 = Release|Any CPU
		{39D1A30C-9758-48DF-922F-1EEBA09331FB}.Debug|Any CPU.ActiveCfg = Debug|Any CPU
		{39D1A30C-9758-48DF-922F-1EEBA09331FB}.Debug|Any CPU.Build.0 = Debug|Any CPU
		{39D1A30C-9758-48DF-922F-1EEBA09331FB}.Release|Any CPU.ActiveCfg = Release|Any CPU
		{39D1A30C-9758-48DF-922F-1EEBA09331FB}.Release|Any CPU.Build.0 = Release|Any CPU
		{AED22187-9C52-44B6-B9C0-940BF43AA713}.Debug|Any CPU.ActiveCfg = Debug|Any CPU
		{AED22187-9C52-44B6-B9C0-940BF43AA713}.Debug|Any CPU.Build.0 = Debug|Any CPU
		{AED22187-9C52-44B6-B9C0-940BF43AA713}.Release|Any CPU.ActiveCfg = Release|Any CPU
		{AED22187-9C52-44B6-B9C0-940BF43AA713}.Release|Any CPU.Build.0 = Release|Any CPU
		{8F30636C-47E3-423F-9C93-0A2A205E7C64}.Debug|Any CPU.ActiveCfg = Debug|Any CPU
		{8F30636C-47E3-423F-9C93-0A2A205E7C64}.Debug|Any CPU.Build.0 = Debug|Any CPU
		{8F30636C-47E3-423F-9C93-0A2A205E7C64}.Release|Any CPU.ActiveCfg = Release|Any CPU
		{8F30636C-47E3-423F-9C93-0A2A205E7C64}.Release|Any CPU.Build.0 = Release|Any CPU
	EndGlobalSection
	GlobalSection(SolutionProperties) = preSolution
		HideSolutionNode = FALSE
	EndGlobalSection
	GlobalSection(ExtensibilityGlobals) = postSolution
		SolutionGuid = {32DC833A-FA47-4682-9E69-86071C909562}
	EndGlobalSection
EndGlobal
