
Microsoft Visual Studio Solution File, Format Version 12.00
# Visual Studio 15
VisualStudioVersion = 15.0.28307.271
MinimumVisualStudioVersion = 10.0.40219.1
Project("{FAE04EC0-301F-11D3-BF4B-00C04F79EFBC}") = "BE", "BE\BE.csproj", "{7B4057F2-C989-4E88-B4E4-F2725640BF0A}"
EndProject
Global
	GlobalSection(SolutionConfigurationPlatforms) = preSolution
		Debug|Any CPU = Debug|Any CPU
		Release|Any CPU = Release|Any CPU
	EndGlobalSection
	GlobalSection(ProjectConfigurationPlatforms) = postSolution
		{7B4057F2-C989-4E88-B4E4-F2725640BF0A}.Debug|Any CPU.ActiveCfg = Debug|Any CPU
		{7B4057F2-C989-4E88-B4E4-F2725640BF0A}.Debug|Any CPU.Build.0 = Debug|Any CPU
		{7B4057F2-C989-4E88-B4E4-F2725640BF0A}.Release|Any CPU.ActiveCfg = Release|Any CPU
		{7B4057F2-C989-4E88-B4E4-F2725640BF0A}.Release|Any CPU.Build.0 = Release|Any CPU
	EndGlobalSection
	GlobalSection(SolutionProperties) = preSolution
		HideSolutionNode = FALSE
	EndGlobalSection
	GlobalSection(ExtensibilityGlobals) = postSolution
		SolutionGuid = {32DC833A-FA47-4682-9E69-86071C909562}
	EndGlobalSection
EndGlobal
